# THIS IS AN AUTOGENERATED FILE. DO NOT EDIT THIS FILE DIRECTLY.
# yarn lockfile v1


add-dom-event-listener@^1.1.0:
  version "1.1.0"
  resolved "https://domino.jfrog.io/domino/api/npm/domino-components-registry/add-dom-event-listener/-/add-dom-event-listener-1.1.0.tgz#6a92db3a0dd0abc254e095c0f1dc14acbbaae310"
  integrity sha512-WCxx1ixHT0GQU9hb0KI/mhgRQhnU+U3GvwY6ZvVjYq8rsihIGoaIOUbY0yMPBxLH5MDtr0kz3fisWGNcbWW7Jw==
  dependencies:
    object-assign "4.x"

babel-runtime@6.x, babel-runtime@^6.26.0:
  version "6.26.0"
  resolved "https://domino.jfrog.io/domino/api/npm/domino-components-registry/babel-runtime/-/babel-runtime-6.26.0.tgz#965c7058668e82b55d7bfe04ff2337bc8b5647fe"
  integrity sha512-ITKNuq2wKlW1fJg9sSW52eepoYgZBggvOAHC0u/CYu/qxQ9EVzThCgR69BnSXLHjy2f7SY5zaQ4yt7H9ZVxY2g==
  dependencies:
    core-js "^2.4.0"
    regenerator-runtime "^0.11.0"

classnames@2.x, classnames@^2.2.6:
  version "2.3.2"
  resolved "https://domino.jfrog.io/domino/api/npm/domino-components-registry/classnames/-/classnames-2.3.2.tgz#351d813bf0137fcc6a76a16b88208d2560a0d924"
  integrity sha512-CSbhY4cFEJRe6/GQzIk5qXZ4Jeg5pcsP7b5peFSDpffpe1cqjASH/n9UTjBwOp6XpMSTwQ8Za2K5V02ueA7Tmw==

component-classes@^1.2.5:
  version "1.2.6"
  resolved "https://domino.jfrog.io/domino/api/npm/domino-components-registry/component-classes/-/component-classes-1.2.6.tgz#c642394c3618a4d8b0b8919efccbbd930e5cd691"
  integrity sha512-hPFGULxdwugu1QWW3SvVOCUHLzO34+a2J6Wqy0c5ASQkfi9/8nZcBB0ZohaEbXOQlCflMAEMmEWk7u7BVs4koA==
  dependencies:
    component-indexof "0.0.3"

component-indexof@0.0.3:
  version "0.0.3"
  resolved "https://domino.jfrog.io/domino/api/npm/domino-components-registry/component-indexof/-/component-indexof-0.0.3.tgz#11d091312239eb8f32c8f25ae9cb002ffe8d3c24"
  integrity sha512-puDQKvx/64HZXb4hBwIcvQLaLgux8o1CbWl39s41hrIIZDl1lJiD5jc22gj3RBeGK0ovxALDYpIbyjqDUUl0rw==

core-js@^2.4.0:
  version "2.6.12"
  resolved "https://domino.jfrog.io/domino/api/npm/domino-components-registry/core-js/-/core-js-2.6.12.tgz#d9333dfa7b065e347cc5682219d6f690859cc2ec"
  integrity sha512-Kb2wC0fvsWfQrgk8HU5lW6U/Lcs8+9aaYcy4ZFc6DDlo4nZ7n70dEgE5rtR0oG6ufKDUnrwfWL1mXR5ljDatrQ==

css-animation@^1.3.2:
  version "1.6.1"
  resolved "https://domino.jfrog.io/domino/api/npm/domino-components-registry/css-animation/-/css-animation-1.6.1.tgz#162064a3b0d51f958b7ff37b3d6d4de18e17039e"
  integrity sha512-/48+/BaEaHRY6kNQ2OIPzKf9A6g8WjZYjhiNDNuIVbsm5tXCGIAsHDjB4Xu1C4vXJtUWZo26O68OQkDpNBaPog==
  dependencies:
    babel-runtime "6.x"
    component-classes "^1.2.5"

dom-align@^1.7.0:
  version "1.12.4"
  resolved "https://domino.jfrog.io/domino/api/npm/domino-components-registry/dom-align/-/dom-align-1.12.4.tgz#3503992eb2a7cfcb2ed3b2a6d21e0b9c00d54511"
  integrity sha512-R8LUSEay/68zE5c8/3BDxiTEvgb4xZTF0RKmAHfiEVN3klfIpXfi2/QCoiWPccVQ0J/ZGdz9OjzL4uJEP/MRAw==

dom-scroll-into-view@1.x:
  version "1.2.1"
  resolved "https://domino.jfrog.io/domino/api/npm/domino-components-registry/dom-scroll-into-view/-/dom-scroll-into-view-1.2.1.tgz#e8f36732dd089b0201a88d7815dc3f88e6d66c7e"
  integrity sha512-LwNVg3GJOprWDO+QhLL1Z9MMgWe/KAFLxVWKzjRTxNSPn8/LLDIfmuG71YHznXCqaqTjvHJDYO1MEAgX6XCNbQ==

hoist-non-react-statics@^2.3.1:
  version "2.5.5"
  resolved "https://domino.jfrog.io/domino/api/npm/domino-components-registry/hoist-non-react-statics/-/hoist-non-react-statics-2.5.5.tgz#c5903cf409c0dfd908f388e619d86b9c1174cb47"
  integrity sha512-rqcy4pJo55FTTLWt+bU8ukscqHeE/e9KWvsOW2b/a3afxQZhwkQdT1rPPCJ0rYXdj4vNcasY8zHTH+jF/qStxw==

"js-tokens@^3.0.0 || ^4.0.0":
  version "4.0.0"
  resolved "https://domino.jfrog.io/domino/api/npm/domino-components-registry/js-tokens/-/js-tokens-4.0.0.tgz#19203fb59991df98e3a287050d4647cdeaf32499"
  integrity sha512-RdJUflcE3cUzKiMqQgsCu06FPu9UdIJO0beYbPhHN4k6apgJtifcoCtT9bcxOpYBtpD2kCM6Sbzg4CausW/PKQ==

loose-envify@^1.4.0:
  version "1.4.0"
  resolved "https://domino.jfrog.io/domino/api/npm/domino-components-registry/loose-envify/-/loose-envify-1.4.0.tgz#71ee51fa7be4caec1a63839f7e682d8132d30caf"
  integrity sha512-lyuxPGr/Wfhrlem2CL/UcnUc1zcqKAImBDzukY7Y5F/yQiNdko6+fRLevlw1HgMySw7f611UIY408EtxRSoK3Q==
  dependencies:
    js-tokens "^3.0.0 || ^4.0.0"

mini-store@^1.1.0:
  version "1.1.2"
  resolved "https://domino.jfrog.io/domino/api/npm/domino-components-registry/mini-store/-/mini-store-1.1.2.tgz#cc150e0878e080ca58219d47fccefefe2c9aea3e"
  integrity sha512-2gU6dRzyv/79jrPw/SLtnj6EAdYlktW10e5jPqyIVeFgyFHxcP1BoqAH5Uf5WfKXbTdeHgJ+fuoAFP4falptdw==
  dependencies:
    hoist-non-react-statics "^2.3.1"
    prop-types "^15.6.0"
    react-lifecycles-compat "^3.0.4"
    shallowequal "^1.0.2"

mutationobserver-shim@^0.3.2:
  version "0.3.7"
  resolved "https://domino.jfrog.io/domino/api/npm/domino-components-registry/mutationobserver-shim/-/mutationobserver-shim-0.3.7.tgz#8bf633b0c0b0291a1107255ed32c13088a8c5bf3"
  integrity sha512-oRIDTyZQU96nAiz2AQyngwx1e89iApl2hN5AOYwyxLUB47UYsU3Wv9lJWqH5y/QdiYkc5HQLi23ZNB3fELdHcQ==

object-assign@4.x, object-assign@^4.1.1:
  version "4.1.1"
  resolved "https://domino.jfrog.io/domino/api/npm/domino-components-registry/object-assign/-/object-assign-4.1.1.tgz#2109adc7965887cfc05cbbd442cac8bfbb360863"
  integrity sha512-rJgTQnkUnH1sFw8yT6VSU3zD3sWmu6sZhIseY8VX+GRu3P6F7Fu+JNDoXfklElbLJSnc3FUQHVe4cU5hj+BcUg==

performance-now@^2.1.0:
  version "2.1.0"
  resolved "https://domino.jfrog.io/domino/api/npm/domino-components-registry/performance-now/-/performance-now-2.1.0.tgz#6309f4e0e5fa913ec1c69307ae364b4b377c9e7b"
  integrity sha512-7EAHlyLHI56VEIdK57uwHdHKIaAGbnXPiw0yWbarQZOKaKpvUIgW0jWRVLiatnM+XXlSwsanIBH/hzGMJulMow==

prop-types@15.x, prop-types@^15.5.10, prop-types@^15.5.6, prop-types@^15.5.8, prop-types@^15.6.0:
  version "15.8.1"
  resolved "https://domino.jfrog.io/domino/api/npm/domino-components-registry/prop-types/-/prop-types-15.8.1.tgz#67d87bf1a694f48435cf332c24af10214a3140b5"
  integrity sha512-oj87CgZICdulUohogVAR7AjlC0327U4el4L6eAvOqCeudMDVU0NThNaV+b9Df4dXgSP1gXMTnPdhfe/2qDH5cg==
  dependencies:
    loose-envify "^1.4.0"
    object-assign "^4.1.1"
    react-is "^16.13.1"

raf@^3.4.0:
  version "3.4.1"
  resolved "https://domino.jfrog.io/domino/api/npm/domino-components-registry/raf/-/raf-3.4.1.tgz#0742e99a4a6552f445d73e3ee0328af0ff1ede39"
  integrity sha512-Sq4CW4QhwOHE8ucn6J34MqtZCeWFP2aQSmrlroYgqAV1PjStIhJXxYuTgUIfkEk7zTLjmIjLmU5q+fbD1NnOJA==
  dependencies:
    performance-now "^2.1.0"

rc-align@^2.4.0:
  version "2.4.5"
  resolved "https://domino.jfrog.io/domino/api/npm/domino-components-registry/rc-align/-/rc-align-2.4.5.tgz#c941a586f59d1017f23a428f0b468663fb7102ab"
  integrity sha512-nv9wYUYdfyfK+qskThf4BQUSIadeI/dCsfaMZfNEoxm9HwOIioQ+LyqmMK6jWHAZQgOzMLaqawhuBXlF63vgjw==
  dependencies:
    babel-runtime "^6.26.0"
    dom-align "^1.7.0"
    prop-types "^15.5.8"
    rc-util "^4.0.4"

rc-animate@2.x:
  version "2.11.1"
  resolved "https://domino.jfrog.io/domino/api/npm/domino-components-registry/rc-animate/-/rc-animate-2.11.1.tgz#2666eeb6f1f2a495a13b2af09e236712278fdb2c"
  integrity sha512-1NyuCGFJG/0Y+9RKh5y/i/AalUCA51opyyS/jO2seELpgymZm2u9QV3xwODwEuzkmeQ1BDPxMLmYLcTJedPlkQ==
  dependencies:
    babel-runtime "6.x"
    classnames "^2.2.6"
    css-animation "^1.3.2"
    prop-types "15.x"
    raf "^3.4.0"
    rc-util "^4.15.3"
    react-lifecycles-compat "^3.0.4"

rc-menu@7.4.12:
  version "7.4.12"
  resolved "https://domino.jfrog.io/domino/api/npm/domino-components-registry/rc-menu/-/rc-menu-7.4.12.tgz#a5545bd69b12c4802f79ca9e005c9b1d1cd12094"
  integrity sha512-v6+Gndsw5mGj2jBJLfFAiBMdyr89X/0Bevraj4x5ri0ckvkJJjaRNDl0eQaDbnze3QmPWYRtdzyhpkbyk6CaHA==
  dependencies:
    babel-runtime "6.x"
    classnames "2.x"
    dom-scroll-into-view "1.x"
    mini-store "^1.1.0"
    mutationobserver-shim "^0.3.2"
    prop-types "^15.5.6"
    rc-animate "2.x"
    rc-trigger "^2.3.0"
    rc-util "^4.1.0"
    resize-observer-polyfill "^1.5.0"

rc-trigger@^2.3.0:
  version "2.6.5"
  resolved "https://domino.jfrog.io/domino/api/npm/domino-components-registry/rc-trigger/-/rc-trigger-2.6.5.tgz#140a857cf28bd0fa01b9aecb1e26a50a700e9885"
  integrity sha512-m6Cts9hLeZWsTvWnuMm7oElhf+03GOjOLfTuU0QmdB9ZrW7jR2IpI5rpNM7i9MvAAlMAmTx5Zr7g3uu/aMvZAw==
  dependencies:
    babel-runtime "6.x"
    classnames "^2.2.6"
    prop-types "15.x"
    rc-align "^2.4.0"
    rc-animate "2.x"
    rc-util "^4.4.0"
    react-lifecycles-compat "^3.0.4"

rc-util@^4.0.4, rc-util@^4.1.0, rc-util@^4.15.3, rc-util@^4.4.0:
  version "4.21.1"
  resolved "https://domino.jfrog.io/domino/api/npm/domino-components-registry/rc-util/-/rc-util-4.21.1.tgz#88602d0c3185020aa1053d9a1e70eac161becb05"
  integrity sha512-Z+vlkSQVc1l8O2UjR3WQ+XdWlhj5q9BMQNLk2iOBch75CqPfrJyGtcWMcnhRlNuDu0Ndtt4kLVO8JI8BrABobg==
  dependencies:
    add-dom-event-listener "^1.1.0"
    prop-types "^15.5.10"
    react-is "^16.12.0"
    react-lifecycles-compat "^3.0.4"
    shallowequal "^1.1.0"

react-docgen-typescript@1.12.4:
  version "1.12.4"
  resolved "https://domino.jfrog.io/domino/api/npm/domino-components-registry/react-docgen-typescript/-/react-docgen-typescript-1.12.4.tgz#9ec8080e9ef41067ff17153bf42b3b2d49ae5503"
  integrity sha512-OSmUfmdtcz4kLRWPiR8uUdE8ta+s5DV0uXOz1YsWaAUf3Ty64use7DYWK97zH8ZOlD4slq5zUfGc+UbfGLqfEQ==

react-is@^16.12.0, react-is@^16.13.1:
  version "16.13.1"
  resolved "https://domino.jfrog.io/domino/api/npm/domino-components-registry/react-is/-/react-is-16.13.1.tgz#789729a4dc36de2999dc156dd6c1d9c18cea56a4"
  integrity sha512-24e6ynE2H+OKt4kqsOvNd8kBpV65zoxbA4BVsEOB3ARVWQki/DHzaUoC5KuON/BiccDaCCTZBuOcfZs70kR8bQ==

react-lifecycles-compat@^3.0.4:
  version "3.0.4"
  resolved "https://domino.jfrog.io/domino/api/npm/domino-components-registry/react-lifecycles-compat/-/react-lifecycles-compat-3.0.4.tgz#4f1a273afdfc8f3488a8c516bfda78f872352362"
  integrity sha512-fBASbA6LnOU9dOU2eW7aQ8xmYBSXUIWr+UmF9b1efZBazGNO+rcXT/icdKnYm2pTwcRylVUYwW7H1PHfLekVzA==

regenerator-runtime@^0.11.0:
  version "0.11.1"
  resolved "https://domino.jfrog.io/domino/api/npm/domino-components-registry/regenerator-runtime/-/regenerator-runtime-0.11.1.tgz#be05ad7f9bf7d22e056f9726cee5017fbf19e2e9"
  integrity sha512-MguG95oij0fC3QV3URf4V2SDYGJhJnJGqvIIgdECeODCT98wSWDAJ94SSuVpYQUoTcGUIL6L4yNB7j1DFFHSBg==

resize-observer-polyfill@^1.5.0:
  version "1.5.1"
  resolved "https://domino.jfrog.io/domino/api/npm/domino-components-registry/resize-observer-polyfill/-/resize-observer-polyfill-1.5.1.tgz#0e9020dd3d21024458d4ebd27e23e40269810464"
  integrity sha512-LwZrotdHOo12nQuZlHEmtuXdqGoOD0OhaxopaNFxWzInpEgaLWoVuAMbTzixuosCx2nEG58ngzW3vxdWoxIgdg==

shallowequal@^1.0.2, shallowequal@^1.1.0:
  version "1.1.0"
  resolved "https://domino.jfrog.io/domino/api/npm/domino-components-registry/shallowequal/-/shallowequal-1.1.0.tgz#188d521de95b9087404fd4dcb68b13df0ae4e7f8"
  integrity sha512-y0m1JoUZSlPAjXVtPPW70aZWfIL/dSP7AFkRnniLCrK/8MDKog3TySTBmckD+RObVxH0v4Tox67+F14PdED2oQ==
